
Microsoft Visual Studio Solution File, Format Version 12.00
# Visual Studio Version 17
VisualStudioVersion = 17.0.32014.148
MinimumVisualStudioVersion = 10.0.40219.1
Project("{FAE04EC0-301F-11D3-BF4B-00C04F79EFBC}") = "Kattis-Bela-IndiaGroup", "Kattis-Bela-IndiaGroup\Kattis-Bela-IndiaGroup.csproj", "{6C603EE8-7149-40E9-9283-924D1AD478CB}"
EndProject
Global
	GlobalSection(SolutionConfigurationPlatforms) = preSolution
		Debug|Any CPU = Debug|Any CPU
		Release|Any CPU = Release|Any CPU
	EndGlobalSection
	GlobalSection(ProjectConfigurationPlatforms) = postSolution
		{6C603EE8-7149-40E9-9283-924D1AD478CB}.Debug|Any CPU.ActiveCfg = Debug|Any CPU
		{6C603EE8-7149-40E9-9283-924D1AD478CB}.Debug|Any CPU.Build.0 = Debug|Any CPU
		{6C603EE8-7149-40E9-9283-924D1AD478CB}.Release|Any CPU.ActiveCfg = Release|Any CPU
		{6C603EE8-7149-40E9-9283-924D1AD478CB}.Release|Any CPU.Build.0 = Release|Any CPU
	EndGlobalSection
	GlobalSection(SolutionProperties) = preSolution
		HideSolutionNode = FALSE
	EndGlobalSection
	GlobalSection(ExtensibilityGlobals) = postSolution
		SolutionGuid = {E08836FD-EC74-40DD-AB49-8234D642E5BA}
	EndGlobalSection
EndGlobal
